
Microsoft Visual Studio Solution File, Format Version 12.00
# Visual Studio Version 17
VisualStudioVersion = 17.1.32228.430
MinimumVisualStudioVersion = 10.0.40219.1
Project("{9A19103F-16F7-4668-BE54-9A1E7A4F7556}") = "MacoApp", "MacoApp\MacoApp.csproj", "{D2EBF930-8930-4AB1-81F1-9E1C0CE55D3B}"
EndProject
Project("{2150E333-8FDC-42A3-9474-1A3956D46DE8}") = "Solution Items", "Solution Items", "{74D3F986-18BD-44D9-8147-8005A7D77D7F}"
	ProjectSection(SolutionItems) = preProject
		.editorconfig = .editorconfig
	EndProjectSection
EndProject
Project("{FAE04EC0-301F-11D3-BF4B-00C04F79EFBC}") = "MaterialDesignMessageBox", "MaterialDesignMessageBox\MaterialDesignMessageBox.csproj", "{FAEB22F8-0028-4C2E-98DD-D227E262D09B}"
EndProject
Global
	GlobalSection(SolutionConfigurationPlatforms) = preSolution
		Debug|Any CPU = Debug|Any CPU
		Release|Any CPU = Release|Any CPU
	EndGlobalSection
	GlobalSection(ProjectConfigurationPlatforms) = postSolution
		{D2EBF930-8930-4AB1-81F1-9E1C0CE55D3B}.Debug|Any CPU.ActiveCfg = Debug|Any CPU
		{D2EBF930-8930-4AB1-81F1-9E1C0CE55D3B}.Debug|Any CPU.Build.0 = Debug|Any CPU
		{D2EBF930-8930-4AB1-81F1-9E1C0CE55D3B}.Release|Any CPU.ActiveCfg = Release|Any CPU
		{D2EBF930-8930-4AB1-81F1-9E1C0CE55D3B}.Release|Any CPU.Build.0 = Release|Any CPU
		{FAEB22F8-0028-4C2E-98DD-D227E262D09B}.Debug|Any CPU.ActiveCfg = Debug|Any CPU
		{FAEB22F8-0028-4C2E-98DD-D227E262D09B}.Debug|Any CPU.Build.0 = Debug|Any CPU
		{FAEB22F8-0028-4C2E-98DD-D227E262D09B}.Release|Any CPU.ActiveCfg = Release|Any CPU
		{FAEB22F8-0028-4C2E-98DD-D227E262D09B}.Release|Any CPU.Build.0 = Release|Any CPU
	EndGlobalSection
	GlobalSection(SolutionProperties) = preSolution
		HideSolutionNode = FALSE
	EndGlobalSection
	GlobalSection(ExtensibilityGlobals) = postSolution
		SolutionGuid = {FEFE5BF3-59BC-4C89-8715-284CB6F8DCC7}
	EndGlobalSection
EndGlobal
